
Microsoft Visual Studio Solution File, Format Version 12.00
# Visual Studio Version 17
VisualStudioVersion = 17.4.33403.182
MinimumVisualStudioVersion = 10.0.40219.1
Project("{FAE04EC0-301F-11D3-BF4B-00C04F79EFBC}") = "DeckofCards", "DeckofCards.csproj", "{8D2632BD-4184-41F6-A08C-5A0B8FD41563}"
EndProject
Global
	GlobalSection(SolutionConfigurationPlatforms) = preSolution
		Debug|Any CPU = Debug|Any CPU
		Release|Any CPU = Release|Any CPU
	EndGlobalSection
	GlobalSection(ProjectConfigurationPlatforms) = postSolution
		{8D2632BD-4184-41F6-A08C-5A0B8FD41563}.Debug|Any CPU.ActiveCfg = Debug|Any CPU
		{8D2632BD-4184-41F6-A08C-5A0B8FD41563}.Debug|Any CPU.Build.0 = Debug|Any CPU
		{8D2632BD-4184-41F6-A08C-5A0B8FD41563}.Release|Any CPU.ActiveCfg = Release|Any CPU
		{8D2632BD-4184-41F6-A08C-5A0B8FD41563}.Release|Any CPU.Build.0 = Release|Any CPU
	EndGlobalSection
	GlobalSection(SolutionProperties) = preSolution
		HideSolutionNode = FALSE
	EndGlobalSection
	GlobalSection(ExtensibilityGlobals) = postSolution
		SolutionGuid = {84314D94-90EE-48EF-A704-C36E0077DA0E}
	EndGlobalSection
EndGlobal
